// !$*UTF8*$!
{
	archiveVersion = 1;
	classes = {
	};
	objectVersion = 50;
	objects = {

/* Begin PBXBuildFile section */
		FAD95E57215C20C9004A094E /* AppDelegate.swift in Sources */ = {isa = PBXBuildFile; fileRef = FAD95E56215C20C9004A094E /* AppDelegate.swift */; };
		FAD95E59215C20C9004A094E /* ViewController.swift in Sources */ = {isa = PBXBuildFile; fileRef = FAD95E58215C20C9004A094E /* ViewController.swift */; };
		FAD95E5C215C20C9004A094E /* Main.storyboard in Resources */ = {isa = PBXBuildFile; fileRef = FAD95E5A215C20C9004A094E /* Main.storyboard */; };
		FAD95E5E215C20CA004A094E /* Assets.xcassets in Resources */ = {isa = PBXBuildFile; fileRef = FAD95E5D215C20CA004A094E /* Assets.xcassets */; };
		FAD95E61215C20CA004A094E /* LaunchScreen.storyboard in Resources */ = {isa = PBXBuildFile; fileRef = FAD95E5F215C20CA004A094E /* LaunchScreen.storyboard */; };
		FAD95E6B215C2614004A094E /* mode.swift in Sources */ = {isa = PBXBuildFile; fileRef = FAD95E6A215C2614004A094E /* mode.swift */; };
		FAD95E6D215C2820004A094E /* ItemCollectionViewCell.swift in Sources */ = {isa = PBXBuildFile; fileRef = FAD95E6C215C2820004A094E /* ItemCollectionViewCell.swift */; };
/* End PBXBuildFile section */

/* Begin PBXFileReference section */
		FAD95E53215C20C9004A094E /* 26sep.app */ = {isa = PBXFileReference; explicitFileType = wrapper.application; includeInIndex = 0; path = 26sep.app; sourceTree = BUILT_PRODUCTS_DIR; };
		FAD95E56215C20C9004A094E /* AppDelegate.swift */ = {isa = PBXFileReference; lastKnownFileType = sourcecode.swift; path = AppDelegate.swift; sourceTree = "<group>"; };
		FAD95E58215C20C9004A094E /* ViewController.swift */ = {isa = PBXFileReference; lastKnownFileType = sourcecode.swift; path = ViewController.swift; sourceTree = "<group>"; };
		FAD95E5B215C20C9004A094E /* Base */ = {isa = PBXFileReference; lastKnownFileType = file.storyboard; name = Base; path = Base.lproj/Main.storyboard; sourceTree = "<group>"; };
		FAD95E5D215C20CA004A094E /* Assets.xcassets */ = {isa = PBXFileReference; lastKnownFileType = folder.assetcatalog; path = Assets.xcassets; sourceTree = "<group>"; };
		FAD95E60215C20CA004A094E /* Base */ = {isa = PBXFileReference; lastKnownFileType = file.storyboard; name = Base; path = Base.lproj/LaunchScreen.storyboard; sourceTree = "<group>"; };
		FAD95E62215C20CA004A094E /* Info.plist */ = {isa = PBXFileReference; lastKnownFileType = text.plist.xml; path = Info.plist; sourceTree = "<group>"; };
		FAD95E6A215C2614004A094E /* mode.swift */ = {isa = PBXFileReference; lastKnownFileType = sourcecode.swift; name = mode.swift; path = ../mode.swift; sourceTree = "<group>"; };
		FAD95E6C215C2820004A094E /* ItemCollectionViewCell.swift */ = {isa = PBXFileReference; lastKnownFileType = sourcecode.swift; path = ItemCollectionViewCell.swift; sourceTree = "<group>"; };
/* End PBXFileReference section */

/* Begin PBXFrameworksBuildPhase section */
		FAD95E50215C20C9004A094E /* Frameworks */ = {
			isa = PBXFrameworksBuildPhase;
			buildActionMask = 2147483647;
			files = (
			);
			runOnlyForDeploymentPostprocessing = 0;
		};
/* End PBXFrameworksBuildPhase section */

/* Begin PBXGroup section */
		FAD95E4A215C20C9004A094E = {
			isa = PBXGroup;
			children = (
				FAD95E55215C20C9004A094E /* 26sep */,
				FAD95E54215C20C9004A094E /* Products */,
			);
			sourceTree = "<group>";
		};
		FAD95E54215C20C9004A094E /* Products */ = {
			isa = PBXGroup;
			children = (
				FAD95E53215C20C9004A094E /* 26sep.app */,
			);
			name = Products;
			sourceTree = "<group>";
		};
		FAD95E55215C20C9004A094E /* 26sep */ = {
			isa = PBXGroup;
			children = (
				FAD95E56215C20C9004A094E /* AppDelegate.swift */,
				FAD95E58215C20C9004A094E /* ViewController.swift */,
				FAD95E5A215C20C9004A094E /* Main.storyboard */,
				FAD95E5D215C20CA004A094E /* Assets.xcassets */,
				FAD95E5F215C20CA004A094E /* LaunchScreen.storyboard */,
				FAD95E62215C20CA004A094E /* Info.plist */,
				FAD95E6C215C2820004A094E /* ItemCollectionViewCell.swift */,
				FAD95E6A215C2614004A094E /* mode.swift */,
			);
			path = 26sep;
			sourceTree = "<group>";
		};
/* End PBXGroup section */

/* Begin PBXNativeTarget section */
		FAD95E52215C20C9004A094E /* 26sep */ = {
			isa = PBXNativeTarget;
			buildConfigurationList = FAD95E65215C20CA004A094E /* Build configuration list for PBXNativeTarget "26sep" */;
			buildPhases = (
				FAD95E4F215C20C9004A094E /* Sources */,
				FAD95E50215C20C9004A094E /* Frameworks */,
				FAD95E51215C20C9004A094E /* Resources */,
			);
			buildRules = (
			);
			dependencies = (
			);
			name = 26sep;
			productName = 26sep;
			productReference = FAD95E53215C20C9004A094E /* 26sep.app */;
			productType = "com.apple.product-type.application";
		};
/* End PBXNativeTarget section */

/* Begin PBXProject section */
		FAD95E4B215C20C9004A094E /* Project object */ = {
			isa = PBXProject;
			attributes = {
				LastSwiftUpdateCheck = 0940;
				LastUpgradeCheck = 0940;
				ORGANIZATIONNAME = macbook;
				TargetAttributes = {
					FAD95E52215C20C9004A094E = {
						CreatedOnToolsVersion = 9.4.1;
					};
				};
			};
			buildConfigurationList = FAD95E4E215C20C9004A094E /* Build configuration list for PBXProject "26sep" */;
			compatibilityVersion = "Xcode 9.3";
			developmentRegion = en;
			hasScannedForEncodings = 0;
			knownRegions = (
				en,
				Base,
			);
			mainGroup = FAD95E4A215C20C9004A094E;
			productRefGroup = FAD95E54215C20C9004A094E /* Products */;
			projectDirPath = "";
			projectRoot = "";
			targets = (
				FAD95E52215C20C9004A094E /* 26sep */,
			);
		};
/* End PBXProject section */

/* Begin PBXResourcesBuildPhase section */
		FAD95E51215C20C9004A094E /* Resources */ = {
			isa = PBXResourcesBuildPhase;
			buildActionMask = 2147483647;
			files = (
				FAD95E61215C20CA004A094E /* LaunchScreen.storyboard in Resources */,
				FAD95E5E215C20CA004A094E /* Assets.xcassets in Resources */,
				FAD95E5C215C20C9004A094E /* Main.storyboard in Resources */,
			);
			runOnlyForDeploymentPostprocessing = 0;
		};
/* End PBXResourcesBuildPhase section */

/* Begin PBXSourcesBuildPhase section */
		FAD95E4F215C20C9004A094E /* Sources */ = {
			isa = PBXSourcesBuildPhase;
			buildActionMask = 2147483647;
			files = (
				FAD95E59215C20C9004A094E /* ViewController.swift in Sources */,
				FAD95E6D215C2820004A094E /* ItemCollectionViewCell.swift in Sources */,
				FAD95E6B215C2614004A094E /* mode.swift in Sources */,
				FAD95E57215C20C9004A094E /* AppDelegate.swift in Sources */,
			);
			runOnlyForDeploymentPostprocessing = 0;
		};
/* End PBXSourcesBuildPhase section */

/* Begin PBXVariantGroup section */
		FAD95E5A215C20C9004A094E /* Main.storyboard */ = {
			isa = PBXVariantGroup;
			children = (
				FAD95E5B215C20C9004A094E /* Base */,
			);
			name = Main.storyboard;
			sourceTree = "<group>";
		};
		FAD95E5F215C20CA004A094E /* LaunchScreen.storyboard */ = {
			isa = PBXVariantGroup;
			children = (
				FAD95E60215C20CA004A094E /* Base */,
			);
			name = LaunchScreen.storyboard;
			sourceTree = "<group>";
		};
/* End PBXVariantGroup section */

/* Begin XCBuildConfiguration section */
		FAD95E63215C20CA004A094E /* Debug */ = {
			isa = XCBuildConfiguration;
			buildSettings = {
				ALWAYS_SEARCH_USER_PATHS = NO;
				CLANG_ANALYZER_NONNULL = YES;
				CLANG_ANALYZER_NUMBER_OBJECT_CONVERSION = YES_AGGRESSIVE;
				CLANG_CXX_LANGUAGE_STANDARD = "gnu++14";
				CLANG_CXX_LIBRARY = "libc++";
				CLANG_ENABLE_MODULES = YES;
				CLANG_ENABLE_OBJC_ARC = YES;
				CLANG_ENABLE_OBJC_WEAK = YES;
				CLANG_WARN_BLOCK_CAPTURE_AUTORELEASING = YES;
				CLANG_WARN_BOOL_CONVERSION = YES;
				CLANG_WARN_COMMA = YES;
				CLANG_WARN_CONSTANT_CONVERSION = YES;
				CLANG_WARN_DEPRECATED_OBJC_IMPLEMENTATIONS = YES;
				CLANG_WARN_DIRECT_OBJC_ISA_USAGE = YES_ERROR;
				CLANG_WARN_DOCUMENTATION_COMMENTS = YES;
				CLANG_WARN_EMPTY_BODY = YES;
				CLANG_WARN_ENUM_CONVERSION = YES;
				CLANG_WARN_INFINITE_RECURSION = YES;
				CLANG_WARN_INT_CONVERSION = YES;
				CLANG_WARN_NON_LITERAL_NULL_CONVERSION = YES;
				CLANG_WARN_OBJC_IMPLICIT_RETAIN_SELF = YES;
				CLANG_WARN_OBJC_LITERAL_CONVERSION = YES;
				CLANG_WARN_OBJC_ROOT_CLASS = YES_ERROR;
				CLANG_WARN_RANGE_LOOP_ANALYSIS = YES;
				CLANG_WARN_STRICT_PROTOTYPES = YES;
				CLANG_WARN_SUSPICIOUS_MOVE = YES;
				CLANG_WARN_UNGUARDED_AVAILABILITY = YES_AGGRESSIVE;
				CLANG_WARN_UNREACHABLE_CODE = YES;
				CLANG_WARN__DUPLICATE_METHOD_MATCH = YES;
				CODE_SIGN_IDENTITY = "iPhone Developer";
				COPY_PHASE_STRIP = NO;
				DEBUG_INFORMATION_FORMAT = dwarf;
				ENABLE_STRICT_OBJC_MSGSEND = YES;
				ENABLE_TESTABILITY = YES;
				GCC_C_LANGUAGE_STANDARD = gnu11;
				GCC_DYNAMIC_NO_PIC = NO;
				GCC_NO_COMMON_BLOCKS = YES;
				GCC_OPTIMIZATION_LEVEL = 0;
				GCC_PREPROCESSOR_DEFINITIONS = (
					"DEBUG=1",
					"$(inherited)",
				);
				GCC_WARN_64_TO_32_BIT_CONVERSION = YES;
				GCC_WARN_ABOUT_RETURN_TYPE = YES_ERROR;
				GCC_WARN_UNDECLARED_SELECTOR = YES;
				GCC_WARN_UNINITIALIZED_AUTOS = YES_AGGRESSIVE;
				GCC_WARN_UNUSED_FUNCTION = YES;
				GCC_WARN_UNUSED_VARIABLE = YES;
				IPHONEOS_DEPLOYMENT_TARGET = 11.4;
				MTL_ENABLE_DEBUG_INFO = YES;
				ONLY_ACTIVE_ARCH = YES;
				SDKROOT = iphoneos;
				SWIFT_ACTIVE_COMPILATION_CONDITIONS = DEBUG;
				SWIFT_OPTIMIZATION_LEVEL = "-Onone";
			};
			name = Debug;
		};
		FAD95E64215C20CA004A094E /* Release */ = {
			isa = XCBuildConfiguration;
			buildSettings = {
				ALWAYS_SEARCH_USER_PATHS = NO;
				CLANG_ANALYZER_NONNULL = YES;
				CLANG_ANALYZER_NUMBER_OBJECT_CONVERSION = YES_AGGRESSIVE;
				CLANG_CXX_LANGUAGE_STANDARD = "gnu++14";
				CLANG_CXX_LIBRARY = "libc++";
				CLANG_ENABLE_MODULES = YES;
				CLANG_ENABLE_OBJC_ARC = YES;
				CLANG_ENABLE_OBJC_WEAK = YES;
				CLANG_WARN_BLOCK_CAPTURE_AUTORELEASING = YES;
				CLANG_WARN_BOOL_CONVERSION = YES;
				CLANG_WARN_COMMA = YES;
				CLANG_WARN_CONSTANT_CONVERSION = YES;
				CLANG_WARN_DEPRECATED_OBJC_IMPLEMENTATIONS = YES;
				CLANG_WARN_DIRECT_OBJC_ISA_USAGE = YES_ERROR;
				CLANG_WARN_DOCUMENTATION_COMMENTS = YES;
				CLANG_WARN_EMPTY_BODY = YES;
				CLANG_WARN_ENUM_CONVERSION = YES;
				CLANG_WARN_INFINITE_RECURSION = YES;
				CLANG_WARN_INT_CONVERSION = YES;
				CLANG_WARN_NON_LITERAL_NULL_CONVERSION = YES;
				CLANG_WARN_OBJC_IMPLICIT_RETAIN_SELF = YES;
				CLANG_WARN_OBJC_LITERAL_CONVERSION = YES;
				CLANG_WARN_OBJC_ROOT_CLASS = YES_ERROR;
				CLANG_WARN_RANGE_LOOP_ANALYSIS = YES;
				CLANG_WARN_STRICT_PROTOTYPES = YES;
				CLANG_WARN_SUSPICIOUS_MOVE = YES;
				CLANG_WARN_UNGUARDED_AVAILABILITY = YES_AGGRESSIVE;
				CLANG_WARN_UNREACHABLE_CODE = YES;
				CLANG_WARN__DUPLICATE_METHOD_MATCH = YES;
				CODE_SIGN_IDENTITY = "iPhone Developer";
				COPY_PHASE_STRIP = NO;
				DEBUG_INFORMATION_FORMAT = "dwarf-with-dsym";
				ENABLE_NS_ASSERTIONS = NO;
				ENABLE_STRICT_OBJC_MSGSEND = YES;
				GCC_C_LANGUAGE_STANDARD = gnu11;
				GCC_NO_COMMON_BLOCKS = YES;
				GCC_WARN_64_TO_32_BIT_CONVERSION = YES;
				GCC_WARN_ABOUT_RETURN_TYPE = YES_ERROR;
				GCC_WARN_UNDECLARED_SELECTOR = YES;
				GCC_WARN_UNINITIALIZED_AUTOS = YES_AGGRESSIVE;
				GCC_WARN_UNUSED_FUNCTION = YES;
				GCC_WARN_UNUSED_VARIABLE = YES;
				IPHONEOS_DEPLOYMENT_TARGET = 11.4;
				MTL_ENABLE_DEBUG_INFO = NO;
				SDKROOT = iphoneos;
				SWIFT_COMPILATION_MODE = wholemodule;
				SWIFT_OPTIMIZATION_LEVEL = "-O";
				VALIDATE_PRODUCT = YES;
			};
			name = Release;
		};
		FAD95E66215C20CA004A094E /* Debug */ = {
			isa = XCBuildConfiguration;
			buildSettings = {
				ASSETCATALOG_COMPILER_APPICON_NAME = AppIcon;
				CODE_SIGN_STYLE = Automatic;
				INFOPLIST_FILE = 26sep/Info.plist;
				LD_RUNPATH_SEARCH_PATHS = (
					"$(inherited)",
					"@executable_path/Frameworks",
				);
				PRODUCT_BUNDLE_IDENTIFIER = "com.26sep.-6sep";
				PRODUCT_NAME = "$(TARGET_NAME)";
				SWIFT_VERSION = 4.0;
				TARGETED_DEVICE_FAMILY = "1,2";
			};
			name = Debug;
		};
		FAD95E67215C20CA004A094E /* Release */ = {
			isa = XCBuildConfiguration;
			buildSettings = {
				ASSETCATALOG_COMPILER_APPICON_NAME = AppIcon;
				CODE_SIGN_STYLE = Automatic;
				INFOPLIST_FILE = 26sep/Info.plist;
				LD_RUNPATH_SEARCH_PATHS = (
					"$(inherited)",
					"@executable_path/Frameworks",
				);
				PRODUCT_BUNDLE_IDENTIFIER = "com.26sep.-6sep";
				PRODUCT_NAME = "$(TARGET_NAME)";
				SWIFT_VERSION = 4.0;
				TARGETED_DEVICE_FAMILY = "1,2";
			};
			name = Release;
		};
/* End XCBuildConfiguration section */

/* Begin XCConfigurationList section */
		FAD95E4E215C20C9004A094E /* Build configuration list for PBXProject "26sep" */ = {
			isa = XCConfigurationList;
			buildConfigurations = (
				FAD95E63215C20CA004A094E /* Debug */,
				FAD95E64215C20CA004A094E /* Release */,
			);
			defaultConfigurationIsVisible = 0;
			defaultConfigurationName = Release;
		};
		FAD95E65215C20CA004A094E /* Build configuration list for PBXNativeTarget "26sep" */ = {
			isa = XCConfigurationList;
			buildConfigurations = (
				FAD95E66215C20CA004A094E /* Debug */,
				FAD95E67215C20CA004A094E /* Release */,
			);
			defaultConfigurationIsVisible = 0;
			defaultConfigurationName = Release;
		};
/* End XCConfigurationList section */
	};
	rootObject = FAD95E4B215C20C9004A094E /* Project object */;
}
